
Microsoft Visual Studio Solution File, Format Version 12.00
# Visual Studio Version 17
VisualStudioVersion = 17.8.34309.116
MinimumVisualStudioVersion = 10.0.40219.1
Project("{9A19103F-16F7-4668-BE54-9A1E7A4F7556}") = "trivia", "trivia\trivia.csproj", "{23155766-F078-45C4-900C-C634AFB7A2F5}"
EndProject
Global
	GlobalSection(SolutionConfigurationPlatforms) = preSolution
		Debug|Any CPU = Debug|Any CPU
		Release|Any CPU = Release|Any CPU
	EndGlobalSection
	GlobalSection(ProjectConfigurationPlatforms) = postSolution
		{23155766-F078-45C4-900C-C634AFB7A2F5}.Debug|Any CPU.ActiveCfg = Debug|Any CPU
		{23155766-F078-45C4-900C-C634AFB7A2F5}.Debug|Any CPU.Build.0 = Debug|Any CPU
		{23155766-F078-45C4-900C-C634AFB7A2F5}.Release|Any CPU.ActiveCfg = Release|Any CPU
		{23155766-F078-45C4-900C-C634AFB7A2F5}.Release|Any CPU.Build.0 = Release|Any CPU
	EndGlobalSection
	GlobalSection(SolutionProperties) = preSolution
		HideSolutionNode = FALSE
	EndGlobalSection
	GlobalSection(ExtensibilityGlobals) = postSolution
		SolutionGuid = {ED97D62B-7FBB-4AED-B5A3-3E1D133677A2}
	EndGlobalSection
EndGlobal
